// !$*UTF8*$!
{
	archiveVersion = 1;
	classes = {
	};
	objectVersion = 56;
	objects = {

/* Begin PBXBuildFile section */
		06B3D8212C8460B800F4EFBE /* TCATreeBasedNavigationSampleApp.swift in Sources */ = {isa = PBXBuildFile; fileRef = 06B3D8202C8460B800F4EFBE /* TCATreeBasedNavigationSampleApp.swift */; };
		06B3D8232C8460B800F4EFBE /* ContentView.swift in Sources */ = {isa = PBXBuildFile; fileRef = 06B3D8222C8460B800F4EFBE /* ContentView.swift */; };
		06B3D8252C8460B900F4EFBE /* Assets.xcassets in Resources */ = {isa = PBXBuildFile; fileRef = 06B3D8242C8460B900F4EFBE /* Assets.xcassets */; };
		06B3D8282C8460B900F4EFBE /* Preview Assets.xcassets in Resources */ = {isa = PBXBuildFile; fileRef = 06B3D8272C8460B900F4EFBE /* Preview Assets.xcassets */; };
		06B3D8322C8460B900F4EFBE /* TCATreeBasedNavigationSampleTests.swift in Sources */ = {isa = PBXBuildFile; fileRef = 06B3D8312C8460B900F4EFBE /* TCATreeBasedNavigationSampleTests.swift */; };
		06B3D83C2C8460B900F4EFBE /* TCATreeBasedNavigationSampleUITests.swift in Sources */ = {isa = PBXBuildFile; fileRef = 06B3D83B2C8460B900F4EFBE /* TCATreeBasedNavigationSampleUITests.swift */; };
		06B3D83E2C8460B900F4EFBE /* TCATreeBasedNavigationSampleUITestsLaunchTests.swift in Sources */ = {isa = PBXBuildFile; fileRef = 06B3D83D2C8460B900F4EFBE /* TCATreeBasedNavigationSampleUITestsLaunchTests.swift */; };
		06B3D84C2C8460DD00F4EFBE /* ComposableArchitecture in Frameworks */ = {isa = PBXBuildFile; productRef = 06B3D84B2C8460DD00F4EFBE /* ComposableArchitecture */; };
		06B3D84E2C84611200F4EFBE /* ItemListFeature1.swift in Sources */ = {isa = PBXBuildFile; fileRef = 06B3D84D2C84611200F4EFBE /* ItemListFeature1.swift */; };
		06B3D8512C84617D00F4EFBE /* ItemDetailFeature.swift in Sources */ = {isa = PBXBuildFile; fileRef = 06B3D8502C84617D00F4EFBE /* ItemDetailFeature.swift */; };
		06B3D8532C84665600F4EFBE /* ItemEditFeature.swift in Sources */ = {isa = PBXBuildFile; fileRef = 06B3D8522C84665600F4EFBE /* ItemEditFeature.swift */; };
		06B3D8552C84668000F4EFBE /* ItemAddFeature.swift in Sources */ = {isa = PBXBuildFile; fileRef = 06B3D8542C84668000F4EFBE /* ItemAddFeature.swift */; };
		06B3D8592C8466E900F4EFBE /* ItemListFeature2.swift in Sources */ = {isa = PBXBuildFile; fileRef = 06B3D8582C8466E900F4EFBE /* ItemListFeature2.swift */; };
		06B3D85B2C8469B700F4EFBE /* ItemListFeature3.swift in Sources */ = {isa = PBXBuildFile; fileRef = 06B3D85A2C8469B700F4EFBE /* ItemListFeature3.swift */; };
/* End PBXBuildFile section */

/* Begin PBXContainerItemProxy section */
		06B3D82E2C8460B900F4EFBE /* PBXContainerItemProxy */ = {
			isa = PBXContainerItemProxy;
			containerPortal = 06B3D8152C8460B800F4EFBE /* Project object */;
			proxyType = 1;
			remoteGlobalIDString = 06B3D81C2C8460B800F4EFBE;
			remoteInfo = TCATreeBasedNavigationSample;
		};
		06B3D8382C8460B900F4EFBE /* PBXContainerItemProxy */ = {
			isa = PBXContainerItemProxy;
			containerPortal = 06B3D8152C8460B800F4EFBE /* Project object */;
			proxyType = 1;
			remoteGlobalIDString = 06B3D81C2C8460B800F4EFBE;
			remoteInfo = TCATreeBasedNavigationSample;
		};
/* End PBXContainerItemProxy section */

/* Begin PBXFileReference section */
		06B3D81D2C8460B800F4EFBE /* TCATreeBasedNavigationSample.app */ = {isa = PBXFileReference; explicitFileType = wrapper.application; includeInIndex = 0; path = TCATreeBasedNavigationSample.app; sourceTree = BUILT_PRODUCTS_DIR; };
		06B3D8202C8460B800F4EFBE /* TCATreeBasedNavigationSampleApp.swift */ = {isa = PBXFileReference; lastKnownFileType = sourcecode.swift; path = TCATreeBasedNavigationSampleApp.swift; sourceTree = "<group>"; };
		06B3D8222C8460B800F4EFBE /* ContentView.swift */ = {isa = PBXFileReference; lastKnownFileType = sourcecode.swift; path = ContentView.swift; sourceTree = "<group>"; };
		06B3D8242C8460B900F4EFBE /* Assets.xcassets */ = {isa = PBXFileReference; lastKnownFileType = folder.assetcatalog; path = Assets.xcassets; sourceTree = "<group>"; };
		06B3D8272C8460B900F4EFBE /* Preview Assets.xcassets */ = {isa = PBXFileReference; lastKnownFileType = folder.assetcatalog; path = "Preview Assets.xcassets"; sourceTree = "<group>"; };
		06B3D82D2C8460B900F4EFBE /* TCATreeBasedNavigationSampleTests.xctest */ = {isa = PBXFileReference; explicitFileType = wrapper.cfbundle; includeInIndex = 0; path = TCATreeBasedNavigationSampleTests.xctest; sourceTree = BUILT_PRODUCTS_DIR; };
		06B3D8312C8460B900F4EFBE /* TCATreeBasedNavigationSampleTests.swift */ = {isa = PBXFileReference; lastKnownFileType = sourcecode.swift; path = TCATreeBasedNavigationSampleTests.swift; sourceTree = "<group>"; };
		06B3D8372C8460B900F4EFBE /* TCATreeBasedNavigationSampleUITests.xctest */ = {isa = PBXFileReference; explicitFileType = wrapper.cfbundle; includeInIndex = 0; path = TCATreeBasedNavigationSampleUITests.xctest; sourceTree = BUILT_PRODUCTS_DIR; };
		06B3D83B2C8460B900F4EFBE /* TCATreeBasedNavigationSampleUITests.swift */ = {isa = PBXFileReference; lastKnownFileType = sourcecode.swift; path = TCATreeBasedNavigationSampleUITests.swift; sourceTree = "<group>"; };
		06B3D83D2C8460B900F4EFBE /* TCATreeBasedNavigationSampleUITestsLaunchTests.swift */ = {isa = PBXFileReference; lastKnownFileType = sourcecode.swift; path = TCATreeBasedNavigationSampleUITestsLaunchTests.swift; sourceTree = "<group>"; };
		06B3D84D2C84611200F4EFBE /* ItemListFeature1.swift */ = {isa = PBXFileReference; lastKnownFileType = sourcecode.swift; path = ItemListFeature1.swift; sourceTree = "<group>"; };
		06B3D8502C84617D00F4EFBE /* ItemDetailFeature.swift */ = {isa = PBXFileReference; lastKnownFileType = sourcecode.swift; path = ItemDetailFeature.swift; sourceTree = "<group>"; };
		06B3D8522C84665600F4EFBE /* ItemEditFeature.swift */ = {isa = PBXFileReference; lastKnownFileType = sourcecode.swift; path = ItemEditFeature.swift; sourceTree = "<group>"; };
		06B3D8542C84668000F4EFBE /* ItemAddFeature.swift */ = {isa = PBXFileReference; lastKnownFileType = sourcecode.swift; path = ItemAddFeature.swift; sourceTree = "<group>"; };
		06B3D8582C8466E900F4EFBE /* ItemListFeature2.swift */ = {isa = PBXFileReference; lastKnownFileType = sourcecode.swift; path = ItemListFeature2.swift; sourceTree = "<group>"; };
		06B3D85A2C8469B700F4EFBE /* ItemListFeature3.swift */ = {isa = PBXFileReference; lastKnownFileType = sourcecode.swift; path = ItemListFeature3.swift; sourceTree = "<group>"; };
/* End PBXFileReference section */

/* Begin PBXFrameworksBuildPhase section */
		06B3D81A2C8460B800F4EFBE /* Frameworks */ = {
			isa = PBXFrameworksBuildPhase;
			buildActionMask = 2147483647;
			files = (
				06B3D84C2C8460DD00F4EFBE /* ComposableArchitecture in Frameworks */,
			);
			runOnlyForDeploymentPostprocessing = 0;
		};
		06B3D82A2C8460B900F4EFBE /* Frameworks */ = {
			isa = PBXFrameworksBuildPhase;
			buildActionMask = 2147483647;
			files = (
			);
			runOnlyForDeploymentPostprocessing = 0;
		};
		06B3D8342C8460B900F4EFBE /* Frameworks */ = {
			isa = PBXFrameworksBuildPhase;
			buildActionMask = 2147483647;
			files = (
			);
			runOnlyForDeploymentPostprocessing = 0;
		};
/* End PBXFrameworksBuildPhase section */

/* Begin PBXGroup section */
		06B3D8142C8460B800F4EFBE = {
			isa = PBXGroup;
			children = (
				06B3D81F2C8460B800F4EFBE /* TCATreeBasedNavigationSample */,
				06B3D8302C8460B900F4EFBE /* TCATreeBasedNavigationSampleTests */,
				06B3D83A2C8460B900F4EFBE /* TCATreeBasedNavigationSampleUITests */,
				06B3D81E2C8460B800F4EFBE /* Products */,
			);
			sourceTree = "<group>";
		};
		06B3D81E2C8460B800F4EFBE /* Products */ = {
			isa = PBXGroup;
			children = (
				06B3D81D2C8460B800F4EFBE /* TCATreeBasedNavigationSample.app */,
				06B3D82D2C8460B900F4EFBE /* TCATreeBasedNavigationSampleTests.xctest */,
				06B3D8372C8460B900F4EFBE /* TCATreeBasedNavigationSampleUITests.xctest */,
			);
			name = Products;
			sourceTree = "<group>";
		};
		06B3D81F2C8460B800F4EFBE /* TCATreeBasedNavigationSample */ = {
			isa = PBXGroup;
			children = (
				06B3D8202C8460B800F4EFBE /* TCATreeBasedNavigationSampleApp.swift */,
				06B3D8222C8460B800F4EFBE /* ContentView.swift */,
				06B3D84F2C84617300F4EFBE /* Features */,
				06B3D8242C8460B900F4EFBE /* Assets.xcassets */,
				06B3D8262C8460B900F4EFBE /* Preview Content */,
			);
			path = TCATreeBasedNavigationSample;
			sourceTree = "<group>";
		};
		06B3D8262C8460B900F4EFBE /* Preview Content */ = {
			isa = PBXGroup;
			children = (
				06B3D8272C8460B900F4EFBE /* Preview Assets.xcassets */,
			);
			path = "Preview Content";
			sourceTree = "<group>";
		};
		06B3D8302C8460B900F4EFBE /* TCATreeBasedNavigationSampleTests */ = {
			isa = PBXGroup;
			children = (
				06B3D8312C8460B900F4EFBE /* TCATreeBasedNavigationSampleTests.swift */,
			);
			path = TCATreeBasedNavigationSampleTests;
			sourceTree = "<group>";
		};
		06B3D83A2C8460B900F4EFBE /* TCATreeBasedNavigationSampleUITests */ = {
			isa = PBXGroup;
			children = (
				06B3D83B2C8460B900F4EFBE /* TCATreeBasedNavigationSampleUITests.swift */,
				06B3D83D2C8460B900F4EFBE /* TCATreeBasedNavigationSampleUITestsLaunchTests.swift */,
			);
			path = TCATreeBasedNavigationSampleUITests;
			sourceTree = "<group>";
		};
		06B3D84F2C84617300F4EFBE /* Features */ = {
			isa = PBXGroup;
			children = (
				06B3D8562C8466C200F4EFBE /* ItemList */,
				06B3D8572C8466D800F4EFBE /* SubView */,
			);
			path = Features;
			sourceTree = "<group>";
		};
		06B3D8562C8466C200F4EFBE /* ItemList */ = {
			isa = PBXGroup;
			children = (
				06B3D84D2C84611200F4EFBE /* ItemListFeature1.swift */,
				06B3D8582C8466E900F4EFBE /* ItemListFeature2.swift */,
				06B3D85A2C8469B700F4EFBE /* ItemListFeature3.swift */,
			);
			path = ItemList;
			sourceTree = "<group>";
		};
		06B3D8572C8466D800F4EFBE /* SubView */ = {
			isa = PBXGroup;
			children = (
				06B3D8502C84617D00F4EFBE /* ItemDetailFeature.swift */,
				06B3D8522C84665600F4EFBE /* ItemEditFeature.swift */,
				06B3D8542C84668000F4EFBE /* ItemAddFeature.swift */,
			);
			path = SubView;
			sourceTree = "<group>";
		};
/* End PBXGroup section */

/* Begin PBXNativeTarget section */
		06B3D81C2C8460B800F4EFBE /* TCATreeBasedNavigationSample */ = {
			isa = PBXNativeTarget;
			buildConfigurationList = 06B3D8412C8460B900F4EFBE /* Build configuration list for PBXNativeTarget "TCATreeBasedNavigationSample" */;
			buildPhases = (
				06B3D8192C8460B800F4EFBE /* Sources */,
				06B3D81A2C8460B800F4EFBE /* Frameworks */,
				06B3D81B2C8460B800F4EFBE /* Resources */,
			);
			buildRules = (
			);
			dependencies = (
			);
			name = TCATreeBasedNavigationSample;
			packageProductDependencies = (
				06B3D84B2C8460DD00F4EFBE /* ComposableArchitecture */,
			);
			productName = TCATreeBasedNavigationSample;
			productReference = 06B3D81D2C8460B800F4EFBE /* TCATreeBasedNavigationSample.app */;
			productType = "com.apple.product-type.application";
		};
		06B3D82C2C8460B900F4EFBE /* TCATreeBasedNavigationSampleTests */ = {
			isa = PBXNativeTarget;
			buildConfigurationList = 06B3D8442C8460B900F4EFBE /* Build configuration list for PBXNativeTarget "TCATreeBasedNavigationSampleTests" */;
			buildPhases = (
				06B3D8292C8460B900F4EFBE /* Sources */,
				06B3D82A2C8460B900F4EFBE /* Frameworks */,
				06B3D82B2C8460B900F4EFBE /* Resources */,
			);
			buildRules = (
			);
			dependencies = (
				06B3D82F2C8460B900F4EFBE /* PBXTargetDependency */,
			);
			name = TCATreeBasedNavigationSampleTests;
			productName = TCATreeBasedNavigationSampleTests;
			productReference = 06B3D82D2C8460B900F4EFBE /* TCATreeBasedNavigationSampleTests.xctest */;
			productType = "com.apple.product-type.bundle.unit-test";
		};
		06B3D8362C8460B900F4EFBE /* TCATreeBasedNavigationSampleUITests */ = {
			isa = PBXNativeTarget;
			buildConfigurationList = 06B3D8472C8460B900F4EFBE /* Build configuration list for PBXNativeTarget "TCATreeBasedNavigationSampleUITests" */;
			buildPhases = (
				06B3D8332C8460B900F4EFBE /* Sources */,
				06B3D8342C8460B900F4EFBE /* Frameworks */,
				06B3D8352C8460B900F4EFBE /* Resources */,
			);
			buildRules = (
			);
			dependencies = (
				06B3D8392C8460B900F4EFBE /* PBXTargetDependency */,
			);
			name = TCATreeBasedNavigationSampleUITests;
			productName = TCATreeBasedNavigationSampleUITests;
			productReference = 06B3D8372C8460B900F4EFBE /* TCATreeBasedNavigationSampleUITests.xctest */;
			productType = "com.apple.product-type.bundle.ui-testing";
		};
/* End PBXNativeTarget section */

/* Begin PBXProject section */
		06B3D8152C8460B800F4EFBE /* Project object */ = {
			isa = PBXProject;
			attributes = {
				BuildIndependentTargetsInParallel = 1;
				LastSwiftUpdateCheck = 1530;
				LastUpgradeCheck = 1530;
				TargetAttributes = {
					06B3D81C2C8460B800F4EFBE = {
						CreatedOnToolsVersion = 15.3;
					};
					06B3D82C2C8460B900F4EFBE = {
						CreatedOnToolsVersion = 15.3;
						TestTargetID = 06B3D81C2C8460B800F4EFBE;
					};
					06B3D8362C8460B900F4EFBE = {
						CreatedOnToolsVersion = 15.3;
						TestTargetID = 06B3D81C2C8460B800F4EFBE;
					};
				};
			};
			buildConfigurationList = 06B3D8182C8460B800F4EFBE /* Build configuration list for PBXProject "TCATreeBasedNavigationSample" */;
			compatibilityVersion = "Xcode 14.0";
			developmentRegion = en;
			hasScannedForEncodings = 0;
			knownRegions = (
				en,
				Base,
			);
			mainGroup = 06B3D8142C8460B800F4EFBE;
			packageReferences = (
				06B3D84A2C8460DD00F4EFBE /* XCRemoteSwiftPackageReference "swift-composable-architecture" */,
			);
			productRefGroup = 06B3D81E2C8460B800F4EFBE /* Products */;
			projectDirPath = "";
			projectRoot = "";
			targets = (
				06B3D81C2C8460B800F4EFBE /* TCATreeBasedNavigationSample */,
				06B3D82C2C8460B900F4EFBE /* TCATreeBasedNavigationSampleTests */,
				06B3D8362C8460B900F4EFBE /* TCATreeBasedNavigationSampleUITests */,
			);
		};
/* End PBXProject section */

/* Begin PBXResourcesBuildPhase section */
		06B3D81B2C8460B800F4EFBE /* Resources */ = {
			isa = PBXResourcesBuildPhase;
			buildActionMask = 2147483647;
			files = (
				06B3D8282C8460B900F4EFBE /* Preview Assets.xcassets in Resources */,
				06B3D8252C8460B900F4EFBE /* Assets.xcassets in Resources */,
			);
			runOnlyForDeploymentPostprocessing = 0;
		};
		06B3D82B2C8460B900F4EFBE /* Resources */ = {
			isa = PBXResourcesBuildPhase;
			buildActionMask = 2147483647;
			files = (
			);
			runOnlyForDeploymentPostprocessing = 0;
		};
		06B3D8352C8460B900F4EFBE /* Resources */ = {
			isa = PBXResourcesBuildPhase;
			buildActionMask = 2147483647;
			files = (
			);
			runOnlyForDeploymentPostprocessing = 0;
		};
/* End PBXResourcesBuildPhase section */

/* Begin PBXSourcesBuildPhase section */
		06B3D8192C8460B800F4EFBE /* Sources */ = {
			isa = PBXSourcesBuildPhase;
			buildActionMask = 2147483647;
			files = (
				06B3D8512C84617D00F4EFBE /* ItemDetailFeature.swift in Sources */,
				06B3D84E2C84611200F4EFBE /* ItemListFeature1.swift in Sources */,
				06B3D8532C84665600F4EFBE /* ItemEditFeature.swift in Sources */,
				06B3D85B2C8469B700F4EFBE /* ItemListFeature3.swift in Sources */,
				06B3D8552C84668000F4EFBE /* ItemAddFeature.swift in Sources */,
				06B3D8232C8460B800F4EFBE /* ContentView.swift in Sources */,
				06B3D8592C8466E900F4EFBE /* ItemListFeature2.swift in Sources */,
				06B3D8212C8460B800F4EFBE /* TCATreeBasedNavigationSampleApp.swift in Sources */,
			);
			runOnlyForDeploymentPostprocessing = 0;
		};
		06B3D8292C8460B900F4EFBE /* Sources */ = {
			isa = PBXSourcesBuildPhase;
			buildActionMask = 2147483647;
			files = (
				06B3D8322C8460B900F4EFBE /* TCATreeBasedNavigationSampleTests.swift in Sources */,
			);
			runOnlyForDeploymentPostprocessing = 0;
		};
		06B3D8332C8460B900F4EFBE /* Sources */ = {
			isa = PBXSourcesBuildPhase;
			buildActionMask = 2147483647;
			files = (
				06B3D83C2C8460B900F4EFBE /* TCATreeBasedNavigationSampleUITests.swift in Sources */,
				06B3D83E2C8460B900F4EFBE /* TCATreeBasedNavigationSampleUITestsLaunchTests.swift in Sources */,
			);
			runOnlyForDeploymentPostprocessing = 0;
		};
/* End PBXSourcesBuildPhase section */

/* Begin PBXTargetDependency section */
		06B3D82F2C8460B900F4EFBE /* PBXTargetDependency */ = {
			isa = PBXTargetDependency;
			target = 06B3D81C2C8460B800F4EFBE /* TCATreeBasedNavigationSample */;
			targetProxy = 06B3D82E2C8460B900F4EFBE /* PBXContainerItemProxy */;
		};
		06B3D8392C8460B900F4EFBE /* PBXTargetDependency */ = {
			isa = PBXTargetDependency;
			target = 06B3D81C2C8460B800F4EFBE /* TCATreeBasedNavigationSample */;
			targetProxy = 06B3D8382C8460B900F4EFBE /* PBXContainerItemProxy */;
		};
/* End PBXTargetDependency section */

/* Begin XCBuildConfiguration section */
		06B3D83F2C8460B900F4EFBE /* Debug */ = {
			isa = XCBuildConfiguration;
			buildSettings = {
				ALWAYS_SEARCH_USER_PATHS = NO;
				ASSETCATALOG_COMPILER_GENERATE_SWIFT_ASSET_SYMBOL_EXTENSIONS = YES;
				CLANG_ANALYZER_NONNULL = YES;
				CLANG_ANALYZER_NUMBER_OBJECT_CONVERSION = YES_AGGRESSIVE;
				CLANG_CXX_LANGUAGE_STANDARD = "gnu++20";
				CLANG_ENABLE_MODULES = YES;
				CLANG_ENABLE_OBJC_ARC = YES;
				CLANG_ENABLE_OBJC_WEAK = YES;
				CLANG_WARN_BLOCK_CAPTURE_AUTORELEASING = YES;
				CLANG_WARN_BOOL_CONVERSION = YES;
				CLANG_WARN_COMMA = YES;
				CLANG_WARN_CONSTANT_CONVERSION = YES;
				CLANG_WARN_DEPRECATED_OBJC_IMPLEMENTATIONS = YES;
				CLANG_WARN_DIRECT_OBJC_ISA_USAGE = YES_ERROR;
				CLANG_WARN_DOCUMENTATION_COMMENTS = YES;
				CLANG_WARN_EMPTY_BODY = YES;
				CLANG_WARN_ENUM_CONVERSION = YES;
				CLANG_WARN_INFINITE_RECURSION = YES;
				CLANG_WARN_INT_CONVERSION = YES;
				CLANG_WARN_NON_LITERAL_NULL_CONVERSION = YES;
				CLANG_WARN_OBJC_IMPLICIT_RETAIN_SELF = YES;
				CLANG_WARN_OBJC_LITERAL_CONVERSION = YES;
				CLANG_WARN_OBJC_ROOT_CLASS = YES_ERROR;
				CLANG_WARN_QUOTED_INCLUDE_IN_FRAMEWORK_HEADER = YES;
				CLANG_WARN_RANGE_LOOP_ANALYSIS = YES;
				CLANG_WARN_STRICT_PROTOTYPES = YES;
				CLANG_WARN_SUSPICIOUS_MOVE = YES;
				CLANG_WARN_UNGUARDED_AVAILABILITY = YES_AGGRESSIVE;
				CLANG_WARN_UNREACHABLE_CODE = YES;
				CLANG_WARN__DUPLICATE_METHOD_MATCH = YES;
				COPY_PHASE_STRIP = NO;
				DEBUG_INFORMATION_FORMAT = dwarf;
				ENABLE_STRICT_OBJC_MSGSEND = YES;
				ENABLE_TESTABILITY = YES;
				ENABLE_USER_SCRIPT_SANDBOXING = YES;
				GCC_C_LANGUAGE_STANDARD = gnu17;
				GCC_DYNAMIC_NO_PIC = NO;
				GCC_NO_COMMON_BLOCKS = YES;
				GCC_OPTIMIZATION_LEVEL = 0;
				GCC_PREPROCESSOR_DEFINITIONS = (
					"DEBUG=1",
					"$(inherited)",
				);
				GCC_WARN_64_TO_32_BIT_CONVERSION = YES;
				GCC_WARN_ABOUT_RETURN_TYPE = YES_ERROR;
				GCC_WARN_UNDECLARED_SELECTOR = YES;
				GCC_WARN_UNINITIALIZED_AUTOS = YES_AGGRESSIVE;
				GCC_WARN_UNUSED_FUNCTION = YES;
				GCC_WARN_UNUSED_VARIABLE = YES;
				IPHONEOS_DEPLOYMENT_TARGET = 17.4;
				LOCALIZATION_PREFERS_STRING_CATALOGS = YES;
				MTL_ENABLE_DEBUG_INFO = INCLUDE_SOURCE;
				MTL_FAST_MATH = YES;
				ONLY_ACTIVE_ARCH = YES;
				SDKROOT = iphoneos;
				SWIFT_ACTIVE_COMPILATION_CONDITIONS = "DEBUG $(inherited)";
				SWIFT_OPTIMIZATION_LEVEL = "-Onone";
			};
			name = Debug;
		};
		06B3D8402C8460B900F4EFBE /* Release */ = {
			isa = XCBuildConfiguration;
			buildSettings = {
				ALWAYS_SEARCH_USER_PATHS = NO;
				ASSETCATALOG_COMPILER_GENERATE_SWIFT_ASSET_SYMBOL_EXTENSIONS = YES;
				CLANG_ANALYZER_NONNULL = YES;
				CLANG_ANALYZER_NUMBER_OBJECT_CONVERSION = YES_AGGRESSIVE;
				CLANG_CXX_LANGUAGE_STANDARD = "gnu++20";
				CLANG_ENABLE_MODULES = YES;
				CLANG_ENABLE_OBJC_ARC = YES;
				CLANG_ENABLE_OBJC_WEAK = YES;
				CLANG_WARN_BLOCK_CAPTURE_AUTORELEASING = YES;
				CLANG_WARN_BOOL_CONVERSION = YES;
				CLANG_WARN_COMMA = YES;
				CLANG_WARN_CONSTANT_CONVERSION = YES;
				CLANG_WARN_DEPRECATED_OBJC_IMPLEMENTATIONS = YES;
				CLANG_WARN_DIRECT_OBJC_ISA_USAGE = YES_ERROR;
				CLANG_WARN_DOCUMENTATION_COMMENTS = YES;
				CLANG_WARN_EMPTY_BODY = YES;
				CLANG_WARN_ENUM_CONVERSION = YES;
				CLANG_WARN_INFINITE_RECURSION = YES;
				CLANG_WARN_INT_CONVERSION = YES;
				CLANG_WARN_NON_LITERAL_NULL_CONVERSION = YES;
				CLANG_WARN_OBJC_IMPLICIT_RETAIN_SELF = YES;
				CLANG_WARN_OBJC_LITERAL_CONVERSION = YES;
				CLANG_WARN_OBJC_ROOT_CLASS = YES_ERROR;
				CLANG_WARN_QUOTED_INCLUDE_IN_FRAMEWORK_HEADER = YES;
				CLANG_WARN_RANGE_LOOP_ANALYSIS = YES;
				CLANG_WARN_STRICT_PROTOTYPES = YES;
				CLANG_WARN_SUSPICIOUS_MOVE = YES;
				CLANG_WARN_UNGUARDED_AVAILABILITY = YES_AGGRESSIVE;
				CLANG_WARN_UNREACHABLE_CODE = YES;
				CLANG_WARN__DUPLICATE_METHOD_MATCH = YES;
				COPY_PHASE_STRIP = NO;
				DEBUG_INFORMATION_FORMAT = "dwarf-with-dsym";
				ENABLE_NS_ASSERTIONS = NO;
				ENABLE_STRICT_OBJC_MSGSEND = YES;
				ENABLE_USER_SCRIPT_SANDBOXING = YES;
				GCC_C_LANGUAGE_STANDARD = gnu17;
				GCC_NO_COMMON_BLOCKS = YES;
				GCC_WARN_64_TO_32_BIT_CONVERSION = YES;
				GCC_WARN_ABOUT_RETURN_TYPE = YES_ERROR;
				GCC_WARN_UNDECLARED_SELECTOR = YES;
				GCC_WARN_UNINITIALIZED_AUTOS = YES_AGGRESSIVE;
				GCC_WARN_UNUSED_FUNCTION = YES;
				GCC_WARN_UNUSED_VARIABLE = YES;
				IPHONEOS_DEPLOYMENT_TARGET = 17.4;
				LOCALIZATION_PREFERS_STRING_CATALOGS = YES;
				MTL_ENABLE_DEBUG_INFO = NO;
				MTL_FAST_MATH = YES;
				SDKROOT = iphoneos;
				SWIFT_COMPILATION_MODE = wholemodule;
				VALIDATE_PRODUCT = YES;
			};
			name = Release;
		};
		06B3D8422C8460B900F4EFBE /* Debug */ = {
			isa = XCBuildConfiguration;
			buildSettings = {
				ASSETCATALOG_COMPILER_APPICON_NAME = AppIcon;
				ASSETCATALOG_COMPILER_GLOBAL_ACCENT_COLOR_NAME = AccentColor;
				CODE_SIGN_STYLE = Automatic;
				CURRENT_PROJECT_VERSION = 1;
				DEVELOPMENT_ASSET_PATHS = "\"TCATreeBasedNavigationSample/Preview Content\"";
				DEVELOPMENT_TEAM = XY3JGCC3JU;
				ENABLE_PREVIEWS = YES;
				GENERATE_INFOPLIST_FILE = YES;
				INFOPLIST_KEY_UIApplicationSceneManifest_Generation = YES;
				INFOPLIST_KEY_UIApplicationSupportsIndirectInputEvents = YES;
				INFOPLIST_KEY_UILaunchScreen_Generation = YES;
				INFOPLIST_KEY_UISupportedInterfaceOrientations_iPad = "UIInterfaceOrientationPortrait UIInterfaceOrientationPortraitUpsideDown UIInterfaceOrientationLandscapeLeft UIInterfaceOrientationLandscapeRight";
				INFOPLIST_KEY_UISupportedInterfaceOrientations_iPhone = "UIInterfaceOrientationPortrait UIInterfaceOrientationLandscapeLeft UIInterfaceOrientationLandscapeRight";
				LD_RUNPATH_SEARCH_PATHS = (
					"$(inherited)",
					"@executable_path/Frameworks",
				);
				MARKETING_VERSION = 1.0;
				PRODUCT_BUNDLE_IDENTIFIER = Ueeek.TCATreeBasedNavigationSample;
				PRODUCT_NAME = "$(TARGET_NAME)";
				SWIFT_EMIT_LOC_STRINGS = YES;
				SWIFT_VERSION = 5.0;
				TARGETED_DEVICE_FAMILY = "1,2";
			};
			name = Debug;
		};
		06B3D8432C8460B900F4EFBE /* Release */ = {
			isa = XCBuildConfiguration;
			buildSettings = {
				ASSETCATALOG_COMPILER_APPICON_NAME = AppIcon;
				ASSETCATALOG_COMPILER_GLOBAL_ACCENT_COLOR_NAME = AccentColor;
				CODE_SIGN_STYLE = Automatic;
				CURRENT_PROJECT_VERSION = 1;
				DEVELOPMENT_ASSET_PATHS = "\"TCATreeBasedNavigationSample/Preview Content\"";
				DEVELOPMENT_TEAM = XY3JGCC3JU;
				ENABLE_PREVIEWS = YES;
				GENERATE_INFOPLIST_FILE = YES;
				INFOPLIST_KEY_UIApplicationSceneManifest_Generation = YES;
				INFOPLIST_KEY_UIApplicationSupportsIndirectInputEvents = YES;
				INFOPLIST_KEY_UILaunchScreen_Generation = YES;
				INFOPLIST_KEY_UISupportedInterfaceOrientations_iPad = "UIInterfaceOrientationPortrait UIInterfaceOrientationPortraitUpsideDown UIInterfaceOrientationLandscapeLeft UIInterfaceOrientationLandscapeRight";
				INFOPLIST_KEY_UISupportedInterfaceOrientations_iPhone = "UIInterfaceOrientationPortrait UIInterfaceOrientationLandscapeLeft UIInterfaceOrientationLandscapeRight";
				LD_RUNPATH_SEARCH_PATHS = (
					"$(inherited)",
					"@executable_path/Frameworks",
				);
				MARKETING_VERSION = 1.0;
				PRODUCT_BUNDLE_IDENTIFIER = Ueeek.TCATreeBasedNavigationSample;
				PRODUCT_NAME = "$(TARGET_NAME)";
				SWIFT_EMIT_LOC_STRINGS = YES;
				SWIFT_VERSION = 5.0;
				TARGETED_DEVICE_FAMILY = "1,2";
			};
			name = Release;
		};
		06B3D8452C8460B900F4EFBE /* Debug */ = {
			isa = XCBuildConfiguration;
			buildSettings = {
				ALWAYS_EMBED_SWIFT_STANDARD_LIBRARIES = YES;
				BUNDLE_LOADER = "$(TEST_HOST)";
				CODE_SIGN_STYLE = Automatic;
				CURRENT_PROJECT_VERSION = 1;
				DEVELOPMENT_TEAM = XY3JGCC3JU;
				GENERATE_INFOPLIST_FILE = YES;
				IPHONEOS_DEPLOYMENT_TARGET = 17.4;
				MARKETING_VERSION = 1.0;
				PRODUCT_BUNDLE_IDENTIFIER = Ueeek.TCATreeBasedNavigationSampleTests;
				PRODUCT_NAME = "$(TARGET_NAME)";
				SWIFT_EMIT_LOC_STRINGS = NO;
				SWIFT_VERSION = 5.0;
				TARGETED_DEVICE_FAMILY = "1,2";
				TEST_HOST = "$(BUILT_PRODUCTS_DIR)/TCATreeBasedNavigationSample.app/$(BUNDLE_EXECUTABLE_FOLDER_PATH)/TCATreeBasedNavigationSample";
			};
			name = Debug;
		};
		06B3D8462C8460B900F4EFBE /* Release */ = {
			isa = XCBuildConfiguration;
			buildSettings = {
				ALWAYS_EMBED_SWIFT_STANDARD_LIBRARIES = YES;
				BUNDLE_LOADER = "$(TEST_HOST)";
				CODE_SIGN_STYLE = Automatic;
				CURRENT_PROJECT_VERSION = 1;
				DEVELOPMENT_TEAM = XY3JGCC3JU;
				GENERATE_INFOPLIST_FILE = YES;
				IPHONEOS_DEPLOYMENT_TARGET = 17.4;
				MARKETING_VERSION = 1.0;
				PRODUCT_BUNDLE_IDENTIFIER = Ueeek.TCATreeBasedNavigationSampleTests;
				PRODUCT_NAME = "$(TARGET_NAME)";
				SWIFT_EMIT_LOC_STRINGS = NO;
				SWIFT_VERSION = 5.0;
				TARGETED_DEVICE_FAMILY = "1,2";
				TEST_HOST = "$(BUILT_PRODUCTS_DIR)/TCATreeBasedNavigationSample.app/$(BUNDLE_EXECUTABLE_FOLDER_PATH)/TCATreeBasedNavigationSample";
			};
			name = Release;
		};
		06B3D8482C8460B900F4EFBE /* Debug */ = {
			isa = XCBuildConfiguration;
			buildSettings = {
				ALWAYS_EMBED_SWIFT_STANDARD_LIBRARIES = YES;
				CODE_SIGN_STYLE = Automatic;
				CURRENT_PROJECT_VERSION = 1;
				DEVELOPMENT_TEAM = XY3JGCC3JU;
				GENERATE_INFOPLIST_FILE = YES;
				MARKETING_VERSION = 1.0;
				PRODUCT_BUNDLE_IDENTIFIER = Ueeek.TCATreeBasedNavigationSampleUITests;
				PRODUCT_NAME = "$(TARGET_NAME)";
				SWIFT_EMIT_LOC_STRINGS = NO;
				SWIFT_VERSION = 5.0;
				TARGETED_DEVICE_FAMILY = "1,2";
				TEST_TARGET_NAME = TCATreeBasedNavigationSample;
			};
			name = Debug;
		};
		06B3D8492C8460B900F4EFBE /* Release */ = {
			isa = XCBuildConfiguration;
			buildSettings = {
				ALWAYS_EMBED_SWIFT_STANDARD_LIBRARIES = YES;
				CODE_SIGN_STYLE = Automatic;
				CURRENT_PROJECT_VERSION = 1;
				DEVELOPMENT_TEAM = XY3JGCC3JU;
				GENERATE_INFOPLIST_FILE = YES;
				MARKETING_VERSION = 1.0;
				PRODUCT_BUNDLE_IDENTIFIER = Ueeek.TCATreeBasedNavigationSampleUITests;
				PRODUCT_NAME = "$(TARGET_NAME)";
				SWIFT_EMIT_LOC_STRINGS = NO;
				SWIFT_VERSION = 5.0;
				TARGETED_DEVICE_FAMILY = "1,2";
				TEST_TARGET_NAME = TCATreeBasedNavigationSample;
			};
			name = Release;
		};
/* End XCBuildConfiguration section */

/* Begin XCConfigurationList section */
		06B3D8182C8460B800F4EFBE /* Build configuration list for PBXProject "TCATreeBasedNavigationSample" */ = {
			isa = XCConfigurationList;
			buildConfigurations = (
				06B3D83F2C8460B900F4EFBE /* Debug */,
				06B3D8402C8460B900F4EFBE /* Release */,
			);
			defaultConfigurationIsVisible = 0;
			defaultConfigurationName = Release;
		};
		06B3D8412C8460B900F4EFBE /* Build configuration list for PBXNativeTarget "TCATreeBasedNavigationSample" */ = {
			isa = XCConfigurationList;
			buildConfigurations = (
				06B3D8422C8460B900F4EFBE /* Debug */,
				06B3D8432C8460B900F4EFBE /* Release */,
			);
			defaultConfigurationIsVisible = 0;
			defaultConfigurationName = Release;
		};
		06B3D8442C8460B900F4EFBE /* Build configuration list for PBXNativeTarget "TCATreeBasedNavigationSampleTests" */ = {
			isa = XCConfigurationList;
			buildConfigurations = (
				06B3D8452C8460B900F4EFBE /* Debug */,
				06B3D8462C8460B900F4EFBE /* Release */,
			);
			defaultConfigurationIsVisible = 0;
			defaultConfigurationName = Release;
		};
		06B3D8472C8460B900F4EFBE /* Build configuration list for PBXNativeTarget "TCATreeBasedNavigationSampleUITests" */ = {
			isa = XCConfigurationList;
			buildConfigurations = (
				06B3D8482C8460B900F4EFBE /* Debug */,
				06B3D8492C8460B900F4EFBE /* Release */,
			);
			defaultConfigurationIsVisible = 0;
			defaultConfigurationName = Release;
		};
/* End XCConfigurationList section */

/* Begin XCRemoteSwiftPackageReference section */
		06B3D84A2C8460DD00F4EFBE /* XCRemoteSwiftPackageReference "swift-composable-architecture" */ = {
			isa = XCRemoteSwiftPackageReference;
			repositoryURL = "https://github.com/pointfreeco/swift-composable-architecture";
			requirement = {
				kind = upToNextMajorVersion;
				minimumVersion = 1.14.0;
			};
		};
/* End XCRemoteSwiftPackageReference section */

/* Begin XCSwiftPackageProductDependency section */
		06B3D84B2C8460DD00F4EFBE /* ComposableArchitecture */ = {
			isa = XCSwiftPackageProductDependency;
			package = 06B3D84A2C8460DD00F4EFBE /* XCRemoteSwiftPackageReference "swift-composable-architecture" */;
			productName = ComposableArchitecture;
		};
/* End XCSwiftPackageProductDependency section */
	};
	rootObject = 06B3D8152C8460B800F4EFBE /* Project object */;
}
